// !$*UTF8*$!
{
	archiveVersion = 1;
	classes = {
	};
	objectVersion = 50;
	objects = {

/* Begin PBXBuildFile section */
		DFDBB3E82136A48E00FA2AC8 /* AppDelegate.swift in Sources */ = {isa = PBXBuildFile; fileRef = DFDBB3E72136A48E00FA2AC8 /* AppDelegate.swift */; };
		DFDBB3EA2136A48E00FA2AC8 /* ViewController.swift in Sources */ = {isa = PBXBuildFile; fileRef = DFDBB3E92136A48E00FA2AC8 /* ViewController.swift */; };
		DFDBB3ED2136A48E00FA2AC8 /* Main.storyboard in Resources */ = {isa = PBXBuildFile; fileRef = DFDBB3EB2136A48E00FA2AC8 /* Main.storyboard */; };
		DFDBB3F02136A48E00FA2AC8 /* obninsknameorig.xcdatamodeld in Sources */ = {isa = PBXBuildFile; fileRef = DFDBB3EE2136A48E00FA2AC8 /* obninsknameorig.xcdatamodeld */; };
		DFDBB3F22136A49000FA2AC8 /* Assets.xcassets in Resources */ = {isa = PBXBuildFile; fileRef = DFDBB3F12136A49000FA2AC8 /* Assets.xcassets */; };
		DFDBB3F52136A49000FA2AC8 /* LaunchScreen.storyboard in Resources */ = {isa = PBXBuildFile; fileRef = DFDBB3F32136A49000FA2AC8 /* LaunchScreen.storyboard */; };
/* End PBXBuildFile section */

/* Begin PBXFileReference section */
		DFDBB3E42136A48E00FA2AC8 /* obninsknameorig.app */ = {isa = PBXFileReference; explicitFileType = wrapper.application; includeInIndex = 0; path = obninsknameorig.app; sourceTree = BUILT_PRODUCTS_DIR; };
		DFDBB3E72136A48E00FA2AC8 /* AppDelegate.swift */ = {isa = PBXFileReference; lastKnownFileType = sourcecode.swift; path = AppDelegate.swift; sourceTree = "<group>"; };
		DFDBB3E92136A48E00FA2AC8 /* ViewController.swift */ = {isa = PBXFileReference; lastKnownFileType = sourcecode.swift; path = ViewController.swift; sourceTree = "<group>"; };
		DFDBB3EC2136A48E00FA2AC8 /* Base */ = {isa = PBXFileReference; lastKnownFileType = file.storyboard; name = Base; path = Base.lproj/Main.storyboard; sourceTree = "<group>"; };
		DFDBB3EF2136A48E00FA2AC8 /* obninsknameorig.xcdatamodel */ = {isa = PBXFileReference; lastKnownFileType = wrapper.xcdatamodel; path = obninsknameorig.xcdatamodel; sourceTree = "<group>"; };
		DFDBB3F12136A49000FA2AC8 /* Assets.xcassets */ = {isa = PBXFileReference; lastKnownFileType = folder.assetcatalog; path = Assets.xcassets; sourceTree = "<group>"; };
		DFDBB3F42136A49000FA2AC8 /* Base */ = {isa = PBXFileReference; lastKnownFileType = file.storyboard; name = Base; path = Base.lproj/LaunchScreen.storyboard; sourceTree = "<group>"; };
		DFDBB3F62136A49000FA2AC8 /* Info.plist */ = {isa = PBXFileReference; lastKnownFileType = text.plist.xml; path = Info.plist; sourceTree = "<group>"; };
/* End PBXFileReference section */

/* Begin PBXFrameworksBuildPhase section */
		DFDBB3E12136A48E00FA2AC8 /* Frameworks */ = {
			isa = PBXFrameworksBuildPhase;
			buildActionMask = 2147483647;
			files = (
			);
			runOnlyForDeploymentPostprocessing = 0;
		};
/* End PBXFrameworksBuildPhase section */

/* Begin PBXGroup section */
		DFDBB3DB2136A48E00FA2AC8 = {
			isa = PBXGroup;
			children = (
				DFDBB3E62136A48E00FA2AC8 /* obninsknameorig */,
				DFDBB3E52136A48E00FA2AC8 /* Products */,
			);
			sourceTree = "<group>";
		};
		DFDBB3E52136A48E00FA2AC8 /* Products */ = {
			isa = PBXGroup;
			children = (
				DFDBB3E42136A48E00FA2AC8 /* obninsknameorig.app */,
			);
			name = Products;
			sourceTree = "<group>";
		};
		DFDBB3E62136A48E00FA2AC8 /* obninsknameorig */ = {
			isa = PBXGroup;
			children = (
				DFDBB3E72136A48E00FA2AC8 /* AppDelegate.swift */,
				DFDBB3E92136A48E00FA2AC8 /* ViewController.swift */,
				DFDBB3EB2136A48E00FA2AC8 /* Main.storyboard */,
				DFDBB3F12136A49000FA2AC8 /* Assets.xcassets */,
				DFDBB3F32136A49000FA2AC8 /* LaunchScreen.storyboard */,
				DFDBB3F62136A49000FA2AC8 /* Info.plist */,
				DFDBB3EE2136A48E00FA2AC8 /* obninsknameorig.xcdatamodeld */,
			);
			path = obninsknameorig;
			sourceTree = "<group>";
		};
/* End PBXGroup section */

/* Begin PBXNativeTarget section */
		DFDBB3E32136A48E00FA2AC8 /* obninsknameorig */ = {
			isa = PBXNativeTarget;
			buildConfigurationList = DFDBB3F92136A49000FA2AC8 /* Build configuration list for PBXNativeTarget "obninsknameorig" */;
			buildPhases = (
				DFDBB3E02136A48E00FA2AC8 /* Sources */,
				DFDBB3E12136A48E00FA2AC8 /* Frameworks */,
				DFDBB3E22136A48E00FA2AC8 /* Resources */,
			);
			buildRules = (
			);
			dependencies = (
			);
			name = obninsknameorig;
			productName = obninsknameorig;
			productReference = DFDBB3E42136A48E00FA2AC8 /* obninsknameorig.app */;
			productType = "com.apple.product-type.application";
		};
/* End PBXNativeTarget section */

/* Begin PBXProject section */
		DFDBB3DC2136A48E00FA2AC8 /* Project object */ = {
			isa = PBXProject;
			attributes = {
				LastSwiftUpdateCheck = 0940;
				LastUpgradeCheck = 0940;
				ORGANIZATIONNAME = midev;
				TargetAttributes = {
					DFDBB3E32136A48E00FA2AC8 = {
						CreatedOnToolsVersion = 9.4.1;
					};
				};
			};
			buildConfigurationList = DFDBB3DF2136A48E00FA2AC8 /* Build configuration list for PBXProject "obninsknameorig" */;
			compatibilityVersion = "Xcode 9.3";
			developmentRegion = en;
			hasScannedForEncodings = 0;
			knownRegions = (
				en,
				Base,
			);
			mainGroup = DFDBB3DB2136A48E00FA2AC8;
			productRefGroup = DFDBB3E52136A48E00FA2AC8 /* Products */;
			projectDirPath = "";
			projectRoot = "";
			targets = (
				DFDBB3E32136A48E00FA2AC8 /* obninsknameorig */,
			);
		};
/* End PBXProject section */

/* Begin PBXResourcesBuildPhase section */
		DFDBB3E22136A48E00FA2AC8 /* Resources */ = {
			isa = PBXResourcesBuildPhase;
			buildActionMask = 2147483647;
			files = (
				DFDBB3F52136A49000FA2AC8 /* LaunchScreen.storyboard in Resources */,
				DFDBB3F22136A49000FA2AC8 /* Assets.xcassets in Resources */,
				DFDBB3ED2136A48E00FA2AC8 /* Main.storyboard in Resources */,
			);
			runOnlyForDeploymentPostprocessing = 0;
		};
/* End PBXResourcesBuildPhase section */

/* Begin PBXSourcesBuildPhase section */
		DFDBB3E02136A48E00FA2AC8 /* Sources */ = {
			isa = PBXSourcesBuildPhase;
			buildActionMask = 2147483647;
			files = (
				DFDBB3EA2136A48E00FA2AC8 /* ViewController.swift in Sources */,
				DFDBB3E82136A48E00FA2AC8 /* AppDelegate.swift in Sources */,
				DFDBB3F02136A48E00FA2AC8 /* obninsknameorig.xcdatamodeld in Sources */,
			);
			runOnlyForDeploymentPostprocessing = 0;
		};
/* End PBXSourcesBuildPhase section */

/* Begin PBXVariantGroup section */
		DFDBB3EB2136A48E00FA2AC8 /* Main.storyboard */ = {
			isa = PBXVariantGroup;
			children = (
				DFDBB3EC2136A48E00FA2AC8 /* Base */,
			);
			name = Main.storyboard;
			sourceTree = "<group>";
		};
		DFDBB3F32136A49000FA2AC8 /* LaunchScreen.storyboard */ = {
			isa = PBXVariantGroup;
			children = (
				DFDBB3F42136A49000FA2AC8 /* Base */,
			);
			name = LaunchScreen.storyboard;
			sourceTree = "<group>";
		};
/* End PBXVariantGroup section */

/* Begin XCBuildConfiguration section */
		DFDBB3F72136A49000FA2AC8 /* Debug */ = {
			isa = XCBuildConfiguration;
			buildSettings = {
				ALWAYS_SEARCH_USER_PATHS = NO;
				CLANG_ANALYZER_NONNULL = YES;
				CLANG_ANALYZER_NUMBER_OBJECT_CONVERSION = YES_AGGRESSIVE;
				CLANG_CXX_LANGUAGE_STANDARD = "gnu++14";
				CLANG_CXX_LIBRARY = "libc++";
				CLANG_ENABLE_MODULES = YES;
				CLANG_ENABLE_OBJC_ARC = YES;
				CLANG_ENABLE_OBJC_WEAK = YES;
				CLANG_WARN_BLOCK_CAPTURE_AUTORELEASING = YES;
				CLANG_WARN_BOOL_CONVERSION = YES;
				CLANG_WARN_COMMA = YES;
				CLANG_WARN_CONSTANT_CONVERSION = YES;
				CLANG_WARN_DEPRECATED_OBJC_IMPLEMENTATIONS = YES;
				CLANG_WARN_DIRECT_OBJC_ISA_USAGE = YES_ERROR;
				CLANG_WARN_DOCUMENTATION_COMMENTS = YES;
				CLANG_WARN_EMPTY_BODY = YES;
				CLANG_WARN_ENUM_CONVERSION = YES;
				CLANG_WARN_INFINITE_RECURSION = YES;
				CLANG_WARN_INT_CONVERSION = YES;
				CLANG_WARN_NON_LITERAL_NULL_CONVERSION = YES;
				CLANG_WARN_OBJC_IMPLICIT_RETAIN_SELF = YES;
				CLANG_WARN_OBJC_LITERAL_CONVERSION = YES;
				CLANG_WARN_OBJC_ROOT_CLASS = YES_ERROR;
				CLANG_WARN_RANGE_LOOP_ANALYSIS = YES;
				CLANG_WARN_STRICT_PROTOTYPES = YES;
				CLANG_WARN_SUSPICIOUS_MOVE = YES;
				CLANG_WARN_UNGUARDED_AVAILABILITY = YES_AGGRESSIVE;
				CLANG_WARN_UNREACHABLE_CODE = YES;
				CLANG_WARN__DUPLICATE_METHOD_MATCH = YES;
				CODE_SIGN_IDENTITY = "iPhone Developer";
				COPY_PHASE_STRIP = NO;
				DEBUG_INFORMATION_FORMAT = dwarf;
				ENABLE_STRICT_OBJC_MSGSEND = YES;
				ENABLE_TESTABILITY = YES;
				GCC_C_LANGUAGE_STANDARD = gnu11;
				GCC_DYNAMIC_NO_PIC = NO;
				GCC_NO_COMMON_BLOCKS = YES;
				GCC_OPTIMIZATION_LEVEL = 0;
				GCC_PREPROCESSOR_DEFINITIONS = (
					"DEBUG=1",
					"$(inherited)",
				);
				GCC_WARN_64_TO_32_BIT_CONVERSION = YES;
				GCC_WARN_ABOUT_RETURN_TYPE = YES_ERROR;
				GCC_WARN_UNDECLARED_SELECTOR = YES;
				GCC_WARN_UNINITIALIZED_AUTOS = YES_AGGRESSIVE;
				GCC_WARN_UNUSED_FUNCTION = YES;
				GCC_WARN_UNUSED_VARIABLE = YES;
				IPHONEOS_DEPLOYMENT_TARGET = 11.4;
				MTL_ENABLE_DEBUG_INFO = YES;
				ONLY_ACTIVE_ARCH = YES;
				SDKROOT = iphoneos;
				SWIFT_ACTIVE_COMPILATION_CONDITIONS = DEBUG;
				SWIFT_OPTIMIZATION_LEVEL = "-Onone";
			};
			name = Debug;
		};
		DFDBB3F82136A49000FA2AC8 /* Release */ = {
			isa = XCBuildConfiguration;
			buildSettings = {
				ALWAYS_SEARCH_USER_PATHS = NO;
				CLANG_ANALYZER_NONNULL = YES;
				CLANG_ANALYZER_NUMBER_OBJECT_CONVERSION = YES_AGGRESSIVE;
				CLANG_CXX_LANGUAGE_STANDARD = "gnu++14";
				CLANG_CXX_LIBRARY = "libc++";
				CLANG_ENABLE_MODULES = YES;
				CLANG_ENABLE_OBJC_ARC = YES;
				CLANG_ENABLE_OBJC_WEAK = YES;
				CLANG_WARN_BLOCK_CAPTURE_AUTORELEASING = YES;
				CLANG_WARN_BOOL_CONVERSION = YES;
				CLANG_WARN_COMMA = YES;
				CLANG_WARN_CONSTANT_CONVERSION = YES;
				CLANG_WARN_DEPRECATED_OBJC_IMPLEMENTATIONS = YES;
				CLANG_WARN_DIRECT_OBJC_ISA_USAGE = YES_ERROR;
				CLANG_WARN_DOCUMENTATION_COMMENTS = YES;
				CLANG_WARN_EMPTY_BODY = YES;
				CLANG_WARN_ENUM_CONVERSION = YES;
				CLANG_WARN_INFINITE_RECURSION = YES;
				CLANG_WARN_INT_CONVERSION = YES;
				CLANG_WARN_NON_LITERAL_NULL_CONVERSION = YES;
				CLANG_WARN_OBJC_IMPLICIT_RETAIN_SELF = YES;
				CLANG_WARN_OBJC_LITERAL_CONVERSION = YES;
				CLANG_WARN_OBJC_ROOT_CLASS = YES_ERROR;
				CLANG_WARN_RANGE_LOOP_ANALYSIS = YES;
				CLANG_WARN_STRICT_PROTOTYPES = YES;
				CLANG_WARN_SUSPICIOUS_MOVE = YES;
				CLANG_WARN_UNGUARDED_AVAILABILITY = YES_AGGRESSIVE;
				CLANG_WARN_UNREACHABLE_CODE = YES;
				CLANG_WARN__DUPLICATE_METHOD_MATCH = YES;
				CODE_SIGN_IDENTITY = "iPhone Developer";
				COPY_PHASE_STRIP = NO;
				DEBUG_INFORMATION_FORMAT = "dwarf-with-dsym";
				ENABLE_NS_ASSERTIONS = NO;
				ENABLE_STRICT_OBJC_MSGSEND = YES;
				GCC_C_LANGUAGE_STANDARD = gnu11;
				GCC_NO_COMMON_BLOCKS = YES;
				GCC_WARN_64_TO_32_BIT_CONVERSION = YES;
				GCC_WARN_ABOUT_RETURN_TYPE = YES_ERROR;
				GCC_WARN_UNDECLARED_SELECTOR = YES;
				GCC_WARN_UNINITIALIZED_AUTOS = YES_AGGRESSIVE;
				GCC_WARN_UNUSED_FUNCTION = YES;
				GCC_WARN_UNUSED_VARIABLE = YES;
				IPHONEOS_DEPLOYMENT_TARGET = 11.4;
				MTL_ENABLE_DEBUG_INFO = NO;
				SDKROOT = iphoneos;
				SWIFT_COMPILATION_MODE = wholemodule;
				SWIFT_OPTIMIZATION_LEVEL = "-O";
				VALIDATE_PRODUCT = YES;
			};
			name = Release;
		};
		DFDBB3FA2136A49000FA2AC8 /* Debug */ = {
			isa = XCBuildConfiguration;
			buildSettings = {
				ASSETCATALOG_COMPILER_APPICON_NAME = AppIcon;
				CODE_SIGN_STYLE = Automatic;
				INFOPLIST_FILE = obninsknameorig/Info.plist;
				LD_RUNPATH_SEARCH_PATHS = (
					"$(inherited)",
					"@executable_path/Frameworks",
				);
				PRODUCT_BUNDLE_IDENTIFIER = pro.midev.obninsknameorig;
				PRODUCT_NAME = "$(TARGET_NAME)";
				SWIFT_VERSION = 4.0;
				TARGETED_DEVICE_FAMILY = "1,2";
			};
			name = Debug;
		};
		DFDBB3FB2136A49000FA2AC8 /* Release */ = {
			isa = XCBuildConfiguration;
			buildSettings = {
				ASSETCATALOG_COMPILER_APPICON_NAME = AppIcon;
				CODE_SIGN_STYLE = Automatic;
				INFOPLIST_FILE = obninsknameorig/Info.plist;
				LD_RUNPATH_SEARCH_PATHS = (
					"$(inherited)",
					"@executable_path/Frameworks",
				);
				PRODUCT_BUNDLE_IDENTIFIER = pro.midev.obninsknameorig;
				PRODUCT_NAME = "$(TARGET_NAME)";
				SWIFT_VERSION = 4.0;
				TARGETED_DEVICE_FAMILY = "1,2";
			};
			name = Release;
		};
/* End XCBuildConfiguration section */

/* Begin XCConfigurationList section */
		DFDBB3DF2136A48E00FA2AC8 /* Build configuration list for PBXProject "obninsknameorig" */ = {
			isa = XCConfigurationList;
			buildConfigurations = (
				DFDBB3F72136A49000FA2AC8 /* Debug */,
				DFDBB3F82136A49000FA2AC8 /* Release */,
			);
			defaultConfigurationIsVisible = 0;
			defaultConfigurationName = Release;
		};
		DFDBB3F92136A49000FA2AC8 /* Build configuration list for PBXNativeTarget "obninsknameorig" */ = {
			isa = XCConfigurationList;
			buildConfigurations = (
				DFDBB3FA2136A49000FA2AC8 /* Debug */,
				DFDBB3FB2136A49000FA2AC8 /* Release */,
			);
			defaultConfigurationIsVisible = 0;
			defaultConfigurationName = Release;
		};
/* End XCConfigurationList section */

/* Begin XCVersionGroup section */
		DFDBB3EE2136A48E00FA2AC8 /* obninsknameorig.xcdatamodeld */ = {
			isa = XCVersionGroup;
			children = (
				DFDBB3EF2136A48E00FA2AC8 /* obninsknameorig.xcdatamodel */,
			);
			currentVersion = DFDBB3EF2136A48E00FA2AC8 /* obninsknameorig.xcdatamodel */;
			path = obninsknameorig.xcdatamodeld;
			sourceTree = "<group>";
			versionGroupType = wrapper.xcdatamodel;
		};
/* End XCVersionGroup section */
	};
	rootObject = DFDBB3DC2136A48E00FA2AC8 /* Project object */;
}
